
Microsoft Visual Studio Solution File, Format Version 12.00
# Visual Studio Version 17
VisualStudioVersion = 17.10.35004.147
MinimumVisualStudioVersion = 10.0.40219.1
Project("{FAE04EC0-301F-11D3-BF4B-00C04F79EFBC}") = "WebApplication1", "WebApplication1\WebApplication1.csproj", "{B162AD78-F17B-436F-B20A-4C20FF8E5EEC}"
EndProject
Global
	GlobalSection(SolutionConfigurationPlatforms) = preSolution
		Debug|Any CPU = Debug|Any CPU
		Release|Any CPU = Release|Any CPU
	EndGlobalSection
	GlobalSection(ProjectConfigurationPlatforms) = postSolution
		{B162AD78-F17B-436F-B20A-4C20FF8E5EEC}.Debug|Any CPU.ActiveCfg = Debug|Any CPU
		{B162AD78-F17B-436F-B20A-4C20FF8E5EEC}.Debug|Any CPU.Build.0 = Debug|Any CPU
		{B162AD78-F17B-436F-B20A-4C20FF8E5EEC}.Release|Any CPU.ActiveCfg = Release|Any CPU
		{B162AD78-F17B-436F-B20A-4C20FF8E5EEC}.Release|Any CPU.Build.0 = Release|Any CPU
	EndGlobalSection
	GlobalSection(SolutionProperties) = preSolution
		HideSolutionNode = FALSE
	EndGlobalSection
	GlobalSection(ExtensibilityGlobals) = postSolution
		SolutionGuid = {56A36BF0-48F5-4890-BC94-CD208B713B0C}
	EndGlobalSection
EndGlobal
